
Microsoft Visual Studio Solution File, Format Version 12.00
# Visual Studio 15
VisualStudioVersion = 15.0.28307.421
MinimumVisualStudioVersion = 10.0.40219.1
Project("{FAE04EC0-301F-11D3-BF4B-00C04F79EFBC}") = "web.api", "web.api\web.api.csproj", "{F534B4F5-4383-4BA6-99B8-BA8880332C08}"
EndProject
Project("{FAE04EC0-301F-11D3-BF4B-00C04F79EFBC}") = "Data", "Data\Data.csproj", "{2B9F0595-50E8-4D5F-937C-CBA4DDBF706B}"
EndProject
Global
	GlobalSection(SolutionConfigurationPlatforms) = preSolution
		Debug|Any CPU = Debug|Any CPU
		Release|Any CPU = Release|Any CPU
	EndGlobalSection
	GlobalSection(ProjectConfigurationPlatforms) = postSolution
		{F534B4F5-4383-4BA6-99B8-BA8880332C08}.Debug|Any CPU.ActiveCfg = Debug|Any CPU
		{F534B4F5-4383-4BA6-99B8-BA8880332C08}.Debug|Any CPU.Build.0 = Debug|Any CPU
		{F534B4F5-4383-4BA6-99B8-BA8880332C08}.Release|Any CPU.ActiveCfg = Release|Any CPU
		{F534B4F5-4383-4BA6-99B8-BA8880332C08}.Release|Any CPU.Build.0 = Release|Any CPU
		{2B9F0595-50E8-4D5F-937C-CBA4DDBF706B}.Debug|Any CPU.ActiveCfg = Debug|Any CPU
		{2B9F0595-50E8-4D5F-937C-CBA4DDBF706B}.Debug|Any CPU.Build.0 = Debug|Any CPU
		{2B9F0595-50E8-4D5F-937C-CBA4DDBF706B}.Release|Any CPU.ActiveCfg = Release|Any CPU
		{2B9F0595-50E8-4D5F-937C-CBA4DDBF706B}.Release|Any CPU.Build.0 = Release|Any CPU
	EndGlobalSection
	GlobalSection(SolutionProperties) = preSolution
		HideSolutionNode = FALSE
	EndGlobalSection
	GlobalSection(ExtensibilityGlobals) = postSolution
		SolutionGuid = {5095AC11-F5DC-4B77-8D7D-7E627D6E233A}
	EndGlobalSection
EndGlobal
