
Microsoft Visual Studio Solution File, Format Version 12.00
# Visual Studio 15
VisualStudioVersion = 15.0.28307.421
MinimumVisualStudioVersion = 10.0.40219.1
Project("{FAE04EC0-301F-11D3-BF4B-00C04F79EFBC}") = "cs_aspcore_webapi", "cs_aspcore_webapi\cs_aspcore_webapi.csproj", "{47EA8C10-9E71-4491-A74C-5F763BE6ECAD}"
EndProject
Project("{FAE04EC0-301F-11D3-BF4B-00C04F79EFBC}") = "Data.Access", "Data.Access\Data.Access.csproj", "{A684EAB4-264A-4050-8425-7086D4845912}"
EndProject
Global
	GlobalSection(SolutionConfigurationPlatforms) = preSolution
		Debug|Any CPU = Debug|Any CPU
		Release|Any CPU = Release|Any CPU
	EndGlobalSection
	GlobalSection(ProjectConfigurationPlatforms) = postSolution
		{47EA8C10-9E71-4491-A74C-5F763BE6ECAD}.Debug|Any CPU.ActiveCfg = Debug|Any CPU
		{47EA8C10-9E71-4491-A74C-5F763BE6ECAD}.Debug|Any CPU.Build.0 = Debug|Any CPU
		{47EA8C10-9E71-4491-A74C-5F763BE6ECAD}.Release|Any CPU.ActiveCfg = Release|Any CPU
		{47EA8C10-9E71-4491-A74C-5F763BE6ECAD}.Release|Any CPU.Build.0 = Release|Any CPU
		{A684EAB4-264A-4050-8425-7086D4845912}.Debug|Any CPU.ActiveCfg = Debug|Any CPU
		{A684EAB4-264A-4050-8425-7086D4845912}.Debug|Any CPU.Build.0 = Debug|Any CPU
		{A684EAB4-264A-4050-8425-7086D4845912}.Release|Any CPU.ActiveCfg = Release|Any CPU
		{A684EAB4-264A-4050-8425-7086D4845912}.Release|Any CPU.Build.0 = Release|Any CPU
	EndGlobalSection
	GlobalSection(SolutionProperties) = preSolution
		HideSolutionNode = FALSE
	EndGlobalSection
	GlobalSection(ExtensibilityGlobals) = postSolution
		SolutionGuid = {FB7CF139-8E23-4982-B8CE-1AB0E9081467}
	EndGlobalSection
EndGlobal
